
Microsoft Visual Studio Solution File, Format Version 12.00
# Visual Studio Version 17
VisualStudioVersion = 17.1.32328.378
MinimumVisualStudioVersion = 10.0.40219.1
Project("{FAE04EC0-301F-11D3-BF4B-00C04F79EFBC}") = "BrandMonitor", "BrandMonitor\BrandMonitor.csproj", "{E472067A-AF0C-49B3-BE62-322645D893B8}"
EndProject
Global
	GlobalSection(SolutionConfigurationPlatforms) = preSolution
		Debug|Any CPU = Debug|Any CPU
		Release|Any CPU = Release|Any CPU
	EndGlobalSection
	GlobalSection(ProjectConfigurationPlatforms) = postSolution
		{E472067A-AF0C-49B3-BE62-322645D893B8}.Debug|Any CPU.ActiveCfg = Debug|Any CPU
		{E472067A-AF0C-49B3-BE62-322645D893B8}.Debug|Any CPU.Build.0 = Debug|Any CPU
		{E472067A-AF0C-49B3-BE62-322645D893B8}.Release|Any CPU.ActiveCfg = Release|Any CPU
		{E472067A-AF0C-49B3-BE62-322645D893B8}.Release|Any CPU.Build.0 = Release|Any CPU
	EndGlobalSection
	GlobalSection(SolutionProperties) = preSolution
		HideSolutionNode = FALSE
	EndGlobalSection
	GlobalSection(ExtensibilityGlobals) = postSolution
		SolutionGuid = {CB3312F0-A726-49F0-84D3-2DC246A7B167}
	EndGlobalSection
EndGlobal
